
Microsoft Visual Studio Solution File, Format Version 12.00
# Visual Studio Version 17
VisualStudioVersion = 17.3.32922.545
MinimumVisualStudioVersion = 10.0.40219.1
Project("{FAE04EC0-301F-11D3-BF4B-00C04F79EFBC}") = "Threads", "Threads\Threads.csproj", "{DAEDBED1-CF9B-4591-AF9F-37B222F0C6E8}"
EndProject
Global
	GlobalSection(SolutionConfigurationPlatforms) = preSolution
		Debug|Any CPU = Debug|Any CPU
		Release|Any CPU = Release|Any CPU
	EndGlobalSection
	GlobalSection(ProjectConfigurationPlatforms) = postSolution
		{DAEDBED1-CF9B-4591-AF9F-37B222F0C6E8}.Debug|Any CPU.ActiveCfg = Debug|Any CPU
		{DAEDBED1-CF9B-4591-AF9F-37B222F0C6E8}.Debug|Any CPU.Build.0 = Debug|Any CPU
		{DAEDBED1-CF9B-4591-AF9F-37B222F0C6E8}.Release|Any CPU.ActiveCfg = Release|Any CPU
		{DAEDBED1-CF9B-4591-AF9F-37B222F0C6E8}.Release|Any CPU.Build.0 = Release|Any CPU
	EndGlobalSection
	GlobalSection(SolutionProperties) = preSolution
		HideSolutionNode = FALSE
	EndGlobalSection
	GlobalSection(ExtensibilityGlobals) = postSolution
		SolutionGuid = {AC40B1F9-894C-41A5-B1DE-9CB84273C675}
	EndGlobalSection
EndGlobal
